
Microsoft Visual Studio Solution File, Format Version 12.00
# Visual Studio 14
VisualStudioVersion = 14.0.24720.0
MinimumVisualStudioVersion = 10.0.40219.1
Project("{FAE04EC0-301F-11D3-BF4B-00C04F79EFBC}") = "VillageGreenConsoleApp", "VillageGreenConsoleApp\VillageGreenConsoleApp.csproj", "{A56FD09E-1A0B-4C33-A75A-1FE392BD6F5B}"
EndProject
Project("{FAE04EC0-301F-11D3-BF4B-00C04F79EFBC}") = "UnitTestProject1", "UnitTestProject1\UnitTestProject1.csproj", "{4B6CE001-7AEC-46B9-AD0B-A93A92379CE7}"
EndProject
Project("{FAE04EC0-301F-11D3-BF4B-00C04F79EFBC}") = "VgChiffreAffaire", "VgChiffreAffaire\VgChiffreAffaire.csproj", "{205DCB95-5A7F-441E-9266-A637CD40A16E}"
EndProject
Project("{FAE04EC0-301F-11D3-BF4B-00C04F79EFBC}") = "DAL", "DAL\DAL.csproj", "{E3B0D46A-2D56-4DB6-B13F-6CEAD1345C0F}"
EndProject
Project("{FAE04EC0-301F-11D3-BF4B-00C04F79EFBC}") = "FicheClient", "FicheClient\FicheClient.csproj", "{FCD367A2-0394-4498-9439-52B270560413}"
EndProject
Global
	GlobalSection(SolutionConfigurationPlatforms) = preSolution
		Debug|Any CPU = Debug|Any CPU
		Release|Any CPU = Release|Any CPU
	EndGlobalSection
	GlobalSection(ProjectConfigurationPlatforms) = postSolution
		{A56FD09E-1A0B-4C33-A75A-1FE392BD6F5B}.Debug|Any CPU.ActiveCfg = Debug|Any CPU
		{A56FD09E-1A0B-4C33-A75A-1FE392BD6F5B}.Debug|Any CPU.Build.0 = Debug|Any CPU
		{A56FD09E-1A0B-4C33-A75A-1FE392BD6F5B}.Release|Any CPU.ActiveCfg = Release|Any CPU
		{A56FD09E-1A0B-4C33-A75A-1FE392BD6F5B}.Release|Any CPU.Build.0 = Release|Any CPU
		{4B6CE001-7AEC-46B9-AD0B-A93A92379CE7}.Debug|Any CPU.ActiveCfg = Debug|Any CPU
		{4B6CE001-7AEC-46B9-AD0B-A93A92379CE7}.Debug|Any CPU.Build.0 = Debug|Any CPU
		{4B6CE001-7AEC-46B9-AD0B-A93A92379CE7}.Release|Any CPU.ActiveCfg = Release|Any CPU
		{4B6CE001-7AEC-46B9-AD0B-A93A92379CE7}.Release|Any CPU.Build.0 = Release|Any CPU
		{205DCB95-5A7F-441E-9266-A637CD40A16E}.Debug|Any CPU.ActiveCfg = Debug|Any CPU
		{205DCB95-5A7F-441E-9266-A637CD40A16E}.Debug|Any CPU.Build.0 = Debug|Any CPU
		{205DCB95-5A7F-441E-9266-A637CD40A16E}.Release|Any CPU.ActiveCfg = Release|Any CPU
		{205DCB95-5A7F-441E-9266-A637CD40A16E}.Release|Any CPU.Build.0 = Release|Any CPU
		{E3B0D46A-2D56-4DB6-B13F-6CEAD1345C0F}.Debug|Any CPU.ActiveCfg = Debug|Any CPU
		{E3B0D46A-2D56-4DB6-B13F-6CEAD1345C0F}.Debug|Any CPU.Build.0 = Debug|Any CPU
		{E3B0D46A-2D56-4DB6-B13F-6CEAD1345C0F}.Release|Any CPU.ActiveCfg = Release|Any CPU
		{E3B0D46A-2D56-4DB6-B13F-6CEAD1345C0F}.Release|Any CPU.Build.0 = Release|Any CPU
		{FCD367A2-0394-4498-9439-52B270560413}.Debug|Any CPU.ActiveCfg = Debug|Any CPU
		{FCD367A2-0394-4498-9439-52B270560413}.Debug|Any CPU.Build.0 = Debug|Any CPU
		{FCD367A2-0394-4498-9439-52B270560413}.Release|Any CPU.ActiveCfg = Release|Any CPU
		{FCD367A2-0394-4498-9439-52B270560413}.Release|Any CPU.Build.0 = Release|Any CPU
	EndGlobalSection
	GlobalSection(SolutionProperties) = preSolution
		HideSolutionNode = FALSE
	EndGlobalSection
EndGlobal
